
Microsoft Visual Studio Solution File, Format Version 12.00
# Visual Studio Version 17
VisualStudioVersion = 17.13.35919.96 d17.13
MinimumVisualStudioVersion = 10.0.40219.1
Project("{FAE04EC0-301F-11D3-BF4B-00C04F79EFBC}") = "DiffSingerKPopPhonemizers", "DiffSingerKPopPhonemizer\DiffSingerKPopPhonemizers.csproj", "{EB5B9FE9-0ADB-4E05-ABE2-CDDE93ED28CA}"
EndProject
Global
	GlobalSection(SolutionConfigurationPlatforms) = preSolution
		Debug|Any CPU = Debug|Any CPU
		Release|Any CPU = Release|Any CPU
	EndGlobalSection
	GlobalSection(ProjectConfigurationPlatforms) = postSolution
		{EB5B9FE9-0ADB-4E05-ABE2-CDDE93ED28CA}.Debug|Any CPU.ActiveCfg = Debug|Any CPU
		{EB5B9FE9-0ADB-4E05-ABE2-CDDE93ED28CA}.Debug|Any CPU.Build.0 = Debug|Any CPU
		{EB5B9FE9-0ADB-4E05-ABE2-CDDE93ED28CA}.Release|Any CPU.ActiveCfg = Debug|Any CPU
		{EB5B9FE9-0ADB-4E05-ABE2-CDDE93ED28CA}.Release|Any CPU.Build.0 = Debug|Any CPU
	EndGlobalSection
	GlobalSection(SolutionProperties) = preSolution
		HideSolutionNode = FALSE
	EndGlobalSection
	GlobalSection(ExtensibilityGlobals) = postSolution
		SolutionGuid = {F4B83985-DF6A-4853-A8E1-25C77E192AF5}
	EndGlobalSection
EndGlobal
